
Microsoft Visual Studio Solution File, Format Version 12.00
# Visual Studio 15
Project("{FAE04EC0-301F-11D3-BF4B-00C04F79EFBC}") = "TicTacToe", "TicTacToe\TicTacToe.csproj", "{D73142C7-0125-4161-BC7D-D02F0F3D2DD6}"
EndProject
Project("{FAE04EC0-301F-11D3-BF4B-00C04F79EFBC}") = "TicTacToeTests", "TicTacToeTests\TicTacToeTests.csproj", "{67450ADE-8B2C-474F-B53B-5C179FEEF9EC}"
EndProject
Global
	GlobalSection(SolutionConfigurationPlatforms) = preSolution
		Debug|Any CPU = Debug|Any CPU
		Release|Any CPU = Release|Any CPU
	EndGlobalSection
	GlobalSection(ProjectConfigurationPlatforms) = postSolution
		{D73142C7-0125-4161-BC7D-D02F0F3D2DD6}.Debug|Any CPU.ActiveCfg = Debug|Any CPU
		{D73142C7-0125-4161-BC7D-D02F0F3D2DD6}.Debug|Any CPU.Build.0 = Debug|Any CPU
		{D73142C7-0125-4161-BC7D-D02F0F3D2DD6}.Release|Any CPU.ActiveCfg = Release|Any CPU
		{D73142C7-0125-4161-BC7D-D02F0F3D2DD6}.Release|Any CPU.Build.0 = Release|Any CPU
		{67450ADE-8B2C-474F-B53B-5C179FEEF9EC}.Debug|Any CPU.ActiveCfg = Debug|Any CPU
		{67450ADE-8B2C-474F-B53B-5C179FEEF9EC}.Debug|Any CPU.Build.0 = Debug|Any CPU
		{67450ADE-8B2C-474F-B53B-5C179FEEF9EC}.Release|Any CPU.ActiveCfg = Release|Any CPU
		{67450ADE-8B2C-474F-B53B-5C179FEEF9EC}.Release|Any CPU.Build.0 = Release|Any CPU
	EndGlobalSection
EndGlobal
